
Microsoft Visual Studio Solution File, Format Version 12.00
# Visual Studio Version 17
VisualStudioVersion = 17.0.32112.339
MinimumVisualStudioVersion = 10.0.40219.1
Project("{FAE04EC0-301F-11D3-BF4B-00C04F79EFBC}") = "CodeJamProject", "CodeJamProject\CodeJamProject.csproj", "{A88653D8-3599-414E-AD39-1F80D692FA22}"
EndProject
Global
	GlobalSection(SolutionConfigurationPlatforms) = preSolution
		Debug|Any CPU = Debug|Any CPU
		Release|Any CPU = Release|Any CPU
	EndGlobalSection
	GlobalSection(ProjectConfigurationPlatforms) = postSolution
		{A88653D8-3599-414E-AD39-1F80D692FA22}.Debug|Any CPU.ActiveCfg = Debug|Any CPU
		{A88653D8-3599-414E-AD39-1F80D692FA22}.Debug|Any CPU.Build.0 = Debug|Any CPU
		{A88653D8-3599-414E-AD39-1F80D692FA22}.Release|Any CPU.ActiveCfg = Release|Any CPU
		{A88653D8-3599-414E-AD39-1F80D692FA22}.Release|Any CPU.Build.0 = Release|Any CPU
	EndGlobalSection
	GlobalSection(SolutionProperties) = preSolution
		HideSolutionNode = FALSE
	EndGlobalSection
	GlobalSection(ExtensibilityGlobals) = postSolution
		SolutionGuid = {21924260-4EE2-4323-A365-8BCA091482A4}
	EndGlobalSection
EndGlobal
